
Microsoft Visual Studio Solution File, Format Version 12.00
# Visual Studio Version 16
VisualStudioVersion = 25.0.1706.14
MinimumVisualStudioVersion = 10.0.40219.1
Project("{FAE04EC0-301F-11D3-BF4B-00C04F79EFBC}") = "PrinterSDK", "PrinterSDK\PrinterSDK.csproj", "{13258F46-D959-47BC-AB15-D83A159549E7}"
EndProject
Global
	GlobalSection(SolutionConfigurationPlatforms) = preSolution
		Debug|Any CPU = Debug|Any CPU
		Release|Any CPU = Release|Any CPU
	EndGlobalSection
	GlobalSection(ProjectConfigurationPlatforms) = postSolution
		{13258F46-D959-47BC-AB15-D83A159549E7}.Debug|Any CPU.ActiveCfg = Debug|Any CPU
		{13258F46-D959-47BC-AB15-D83A159549E7}.Debug|Any CPU.Build.0 = Debug|Any CPU
		{13258F46-D959-47BC-AB15-D83A159549E7}.Release|Any CPU.ActiveCfg = Release|Any CPU
		{13258F46-D959-47BC-AB15-D83A159549E7}.Release|Any CPU.Build.0 = Release|Any CPU
	EndGlobalSection
	GlobalSection(SolutionProperties) = preSolution
		HideSolutionNode = FALSE
	EndGlobalSection
	GlobalSection(ExtensibilityGlobals) = postSolution
		SolutionGuid = {F82F812F-4B69-48D8-AB56-A91B20BA8263}
	EndGlobalSection
EndGlobal
